// !$*UTF8*$!
{
	archiveVersion = 1;
	classes = {
	};
	objectVersion = 46;
	objects = {

/* Begin PBXBuildFile section */
		9ACB1C291A5B01E20072C667 /* main.m in Sources */ = {isa = PBXBuildFile; fileRef = 9ACB1C281A5B01E20072C667 /* main.m */; };
		9ACB1C2C1A5B01E20072C667 /* AppDelegate.m in Sources */ = {isa = PBXBuildFile; fileRef = 9ACB1C2B1A5B01E20072C667 /* AppDelegate.m */; };
		9ACB1C341A5B01E20072C667 /* Images.xcassets in Resources */ = {isa = PBXBuildFile; fileRef = 9ACB1C331A5B01E20072C667 /* Images.xcassets */; };
		9ACB1C371A5B01E20072C667 /* LaunchScreen.xib in Resources */ = {isa = PBXBuildFile; fileRef = 9ACB1C351A5B01E20072C667 /* LaunchScreen.xib */; };
		9ACB1C431A5B01E20072C667 /* TrainingTests.m in Sources */ = {isa = PBXBuildFile; fileRef = 9ACB1C421A5B01E20072C667 /* TrainingTests.m */; };
		9ACB1C4F1A5B08A80072C667 /* Main.storyboard in Resources */ = {isa = PBXBuildFile; fileRef = 9ACB1C4E1A5B08A80072C667 /* Main.storyboard */; };
		9ACB1C551A5B136E0072C667 /* UILabel+Debugging.m in Sources */ = {isa = PBXBuildFile; fileRef = 9ACB1C541A5B136E0072C667 /* UILabel+Debugging.m */; };
		9ACB1C601A5B19120072C667 /* MainViewController.m in Sources */ = {isa = PBXBuildFile; fileRef = 9ACB1C5F1A5B19120072C667 /* MainViewController.m */; };
		9ACB1C651A5B1CD70072C667 /* LoginViewController.m in Sources */ = {isa = PBXBuildFile; fileRef = 9ACB1C641A5B1CD70072C667 /* LoginViewController.m */; };
		9ACB1C6E1A5B367E0072C667 /* UIResponder+Additions.m in Sources */ = {isa = PBXBuildFile; fileRef = 9ACB1C6D1A5B367E0072C667 /* UIResponder+Additions.m */; };
/* End PBXBuildFile section */

/* Begin PBXContainerItemProxy section */
		9ACB1C3D1A5B01E20072C667 /* PBXContainerItemProxy */ = {
			isa = PBXContainerItemProxy;
			containerPortal = 9ACB1C1B1A5B01E20072C667 /* Project object */;
			proxyType = 1;
			remoteGlobalIDString = 9ACB1C221A5B01E20072C667;
			remoteInfo = Training;
		};
/* End PBXContainerItemProxy section */

/* Begin PBXFileReference section */
		9ACB1C231A5B01E20072C667 /* Training.app */ = {isa = PBXFileReference; explicitFileType = wrapper.application; includeInIndex = 0; path = Training.app; sourceTree = BUILT_PRODUCTS_DIR; };
		9ACB1C271A5B01E20072C667 /* Info.plist */ = {isa = PBXFileReference; lastKnownFileType = text.plist.xml; path = Info.plist; sourceTree = "<group>"; };
		9ACB1C281A5B01E20072C667 /* main.m */ = {isa = PBXFileReference; lastKnownFileType = sourcecode.c.objc; path = main.m; sourceTree = "<group>"; };
		9ACB1C2A1A5B01E20072C667 /* AppDelegate.h */ = {isa = PBXFileReference; lastKnownFileType = sourcecode.c.h; path = AppDelegate.h; sourceTree = "<group>"; };
		9ACB1C2B1A5B01E20072C667 /* AppDelegate.m */ = {isa = PBXFileReference; lastKnownFileType = sourcecode.c.objc; path = AppDelegate.m; sourceTree = "<group>"; };
		9ACB1C331A5B01E20072C667 /* Images.xcassets */ = {isa = PBXFileReference; lastKnownFileType = folder.assetcatalog; path = Images.xcassets; sourceTree = "<group>"; };
		9ACB1C361A5B01E20072C667 /* Base */ = {isa = PBXFileReference; lastKnownFileType = file.xib; name = Base; path = Base.lproj/LaunchScreen.xib; sourceTree = "<group>"; };
		9ACB1C3C1A5B01E20072C667 /* TrainingTests.xctest */ = {isa = PBXFileReference; explicitFileType = wrapper.cfbundle; includeInIndex = 0; path = TrainingTests.xctest; sourceTree = BUILT_PRODUCTS_DIR; };
		9ACB1C411A5B01E20072C667 /* Info.plist */ = {isa = PBXFileReference; lastKnownFileType = text.plist.xml; path = Info.plist; sourceTree = "<group>"; };
		9ACB1C421A5B01E20072C667 /* TrainingTests.m */ = {isa = PBXFileReference; lastKnownFileType = sourcecode.c.objc; path = TrainingTests.m; sourceTree = "<group>"; };
		9ACB1C4E1A5B08A80072C667 /* Main.storyboard */ = {isa = PBXFileReference; fileEncoding = 4; lastKnownFileType = file.storyboard; path = Main.storyboard; sourceTree = "<group>"; };
		9ACB1C531A5B136E0072C667 /* UILabel+Debugging.h */ = {isa = PBXFileReference; fileEncoding = 4; lastKnownFileType = sourcecode.c.h; path = "UILabel+Debugging.h"; sourceTree = "<group>"; };
		9ACB1C541A5B136E0072C667 /* UILabel+Debugging.m */ = {isa = PBXFileReference; fileEncoding = 4; lastKnownFileType = sourcecode.c.objc; path = "UILabel+Debugging.m"; sourceTree = "<group>"; };
		9ACB1C5E1A5B19120072C667 /* MainViewController.h */ = {isa = PBXFileReference; fileEncoding = 4; lastKnownFileType = sourcecode.c.h; path = MainViewController.h; sourceTree = "<group>"; };
		9ACB1C5F1A5B19120072C667 /* MainViewController.m */ = {isa = PBXFileReference; fileEncoding = 4; lastKnownFileType = sourcecode.c.objc; path = MainViewController.m; sourceTree = "<group>"; };
		9ACB1C611A5B19810072C667 /* Categories.h */ = {isa = PBXFileReference; fileEncoding = 4; lastKnownFileType = sourcecode.c.h; path = Categories.h; sourceTree = "<group>"; };
		9ACB1C631A5B1CD70072C667 /* LoginViewController.h */ = {isa = PBXFileReference; fileEncoding = 4; lastKnownFileType = sourcecode.c.h; path = LoginViewController.h; sourceTree = "<group>"; };
		9ACB1C641A5B1CD70072C667 /* LoginViewController.m */ = {isa = PBXFileReference; fileEncoding = 4; lastKnownFileType = sourcecode.c.objc; path = LoginViewController.m; sourceTree = "<group>"; };
		9ACB1C6C1A5B367E0072C667 /* UIResponder+Additions.h */ = {isa = PBXFileReference; fileEncoding = 4; lastKnownFileType = sourcecode.c.h; path = "UIResponder+Additions.h"; sourceTree = "<group>"; };
		9ACB1C6D1A5B367E0072C667 /* UIResponder+Additions.m */ = {isa = PBXFileReference; fileEncoding = 4; lastKnownFileType = sourcecode.c.objc; path = "UIResponder+Additions.m"; sourceTree = "<group>"; };
/* End PBXFileReference section */

/* Begin PBXFrameworksBuildPhase section */
		9ACB1C201A5B01E20072C667 /* Frameworks */ = {
			isa = PBXFrameworksBuildPhase;
			buildActionMask = 2147483647;
			files = (
			);
			runOnlyForDeploymentPostprocessing = 0;
		};
		9ACB1C391A5B01E20072C667 /* Frameworks */ = {
			isa = PBXFrameworksBuildPhase;
			buildActionMask = 2147483647;
			files = (
			);
			runOnlyForDeploymentPostprocessing = 0;
		};
/* End PBXFrameworksBuildPhase section */

/* Begin PBXGroup section */
		9ACB1C1A1A5B01E20072C667 = {
			isa = PBXGroup;
			children = (
				9ACB1C251A5B01E20072C667 /* Training */,
				9ACB1C3F1A5B01E20072C667 /* TrainingTests */,
				9ACB1C241A5B01E20072C667 /* Products */,
			);
			sourceTree = "<group>";
		};
		9ACB1C241A5B01E20072C667 /* Products */ = {
			isa = PBXGroup;
			children = (
				9ACB1C231A5B01E20072C667 /* Training.app */,
				9ACB1C3C1A5B01E20072C667 /* TrainingTests.xctest */,
			);
			name = Products;
			sourceTree = "<group>";
		};
		9ACB1C251A5B01E20072C667 /* Training */ = {
			isa = PBXGroup;
			children = (
				9ACB1C2A1A5B01E20072C667 /* AppDelegate.h */,
				9ACB1C2B1A5B01E20072C667 /* AppDelegate.m */,
				9ACB1C5C1A5B19120072C667 /* Model */,
				9ACB1C5D1A5B19120072C667 /* View */,
				9ACB1C331A5B01E20072C667 /* Images.xcassets */,
				9ACB1C4E1A5B08A80072C667 /* Main.storyboard */,
				9ACB1C351A5B01E20072C667 /* LaunchScreen.xib */,
				9ACB1C521A5B13420072C667 /* Categories */,
				9ACB1C261A5B01E20072C667 /* Supporting Files */,
			);
			path = Training;
			sourceTree = "<group>";
		};
		9ACB1C261A5B01E20072C667 /* Supporting Files */ = {
			isa = PBXGroup;
			children = (
				9ACB1C271A5B01E20072C667 /* Info.plist */,
				9ACB1C281A5B01E20072C667 /* main.m */,
			);
			name = "Supporting Files";
			sourceTree = "<group>";
		};
		9ACB1C3F1A5B01E20072C667 /* TrainingTests */ = {
			isa = PBXGroup;
			children = (
				9ACB1C421A5B01E20072C667 /* TrainingTests.m */,
				9ACB1C401A5B01E20072C667 /* Supporting Files */,
			);
			path = TrainingTests;
			sourceTree = "<group>";
		};
		9ACB1C401A5B01E20072C667 /* Supporting Files */ = {
			isa = PBXGroup;
			children = (
				9ACB1C411A5B01E20072C667 /* Info.plist */,
			);
			name = "Supporting Files";
			sourceTree = "<group>";
		};
		9ACB1C521A5B13420072C667 /* Categories */ = {
			isa = PBXGroup;
			children = (
				9ACB1C611A5B19810072C667 /* Categories.h */,
				9ACB1C531A5B136E0072C667 /* UILabel+Debugging.h */,
				9ACB1C541A5B136E0072C667 /* UILabel+Debugging.m */,
				9ACB1C6C1A5B367E0072C667 /* UIResponder+Additions.h */,
				9ACB1C6D1A5B367E0072C667 /* UIResponder+Additions.m */,
			);
			path = Categories;
			sourceTree = "<group>";
		};
		9ACB1C5C1A5B19120072C667 /* Model */ = {
			isa = PBXGroup;
			children = (
			);
			path = Model;
			sourceTree = "<group>";
		};
		9ACB1C5D1A5B19120072C667 /* View */ = {
			isa = PBXGroup;
			children = (
				9ACB1C5E1A5B19120072C667 /* MainViewController.h */,
				9ACB1C5F1A5B19120072C667 /* MainViewController.m */,
				9ACB1C631A5B1CD70072C667 /* LoginViewController.h */,
				9ACB1C641A5B1CD70072C667 /* LoginViewController.m */,
			);
			path = View;
			sourceTree = "<group>";
		};
/* End PBXGroup section */

/* Begin PBXNativeTarget section */
		9ACB1C221A5B01E20072C667 /* Training */ = {
			isa = PBXNativeTarget;
			buildConfigurationList = 9ACB1C461A5B01E20072C667 /* Build configuration list for PBXNativeTarget "Training" */;
			buildPhases = (
				9ACB1C1F1A5B01E20072C667 /* Sources */,
				9ACB1C201A5B01E20072C667 /* Frameworks */,
				9ACB1C211A5B01E20072C667 /* Resources */,
			);
			buildRules = (
			);
			dependencies = (
			);
			name = Training;
			productName = Training;
			productReference = 9ACB1C231A5B01E20072C667 /* Training.app */;
			productType = "com.apple.product-type.application";
		};
		9ACB1C3B1A5B01E20072C667 /* TrainingTests */ = {
			isa = PBXNativeTarget;
			buildConfigurationList = 9ACB1C491A5B01E20072C667 /* Build configuration list for PBXNativeTarget "TrainingTests" */;
			buildPhases = (
				9ACB1C381A5B01E20072C667 /* Sources */,
				9ACB1C391A5B01E20072C667 /* Frameworks */,
				9ACB1C3A1A5B01E20072C667 /* Resources */,
			);
			buildRules = (
			);
			dependencies = (
				9ACB1C3E1A5B01E20072C667 /* PBXTargetDependency */,
			);
			name = TrainingTests;
			productName = TrainingTests;
			productReference = 9ACB1C3C1A5B01E20072C667 /* TrainingTests.xctest */;
			productType = "com.apple.product-type.bundle.unit-test";
		};
/* End PBXNativeTarget section */

/* Begin PBXProject section */
		9ACB1C1B1A5B01E20072C667 /* Project object */ = {
			isa = PBXProject;
			attributes = {
				LastUpgradeCheck = 0610;
				ORGANIZATIONNAME = "Hybrid Forge";
				TargetAttributes = {
					9ACB1C221A5B01E20072C667 = {
						CreatedOnToolsVersion = 6.1.1;
					};
					9ACB1C3B1A5B01E20072C667 = {
						CreatedOnToolsVersion = 6.1.1;
						TestTargetID = 9ACB1C221A5B01E20072C667;
					};
				};
			};
			buildConfigurationList = 9ACB1C1E1A5B01E20072C667 /* Build configuration list for PBXProject "Training" */;
			compatibilityVersion = "Xcode 3.2";
			developmentRegion = English;
			hasScannedForEncodings = 0;
			knownRegions = (
				en,
				Base,
			);
			mainGroup = 9ACB1C1A1A5B01E20072C667;
			productRefGroup = 9ACB1C241A5B01E20072C667 /* Products */;
			projectDirPath = "";
			projectRoot = "";
			targets = (
				9ACB1C221A5B01E20072C667 /* Training */,
				9ACB1C3B1A5B01E20072C667 /* TrainingTests */,
			);
		};
/* End PBXProject section */

/* Begin PBXResourcesBuildPhase section */
		9ACB1C211A5B01E20072C667 /* Resources */ = {
			isa = PBXResourcesBuildPhase;
			buildActionMask = 2147483647;
			files = (
				9ACB1C4F1A5B08A80072C667 /* Main.storyboard in Resources */,
				9ACB1C371A5B01E20072C667 /* LaunchScreen.xib in Resources */,
				9ACB1C341A5B01E20072C667 /* Images.xcassets in Resources */,
			);
			runOnlyForDeploymentPostprocessing = 0;
		};
		9ACB1C3A1A5B01E20072C667 /* Resources */ = {
			isa = PBXResourcesBuildPhase;
			buildActionMask = 2147483647;
			files = (
			);
			runOnlyForDeploymentPostprocessing = 0;
		};
/* End PBXResourcesBuildPhase section */

/* Begin PBXSourcesBuildPhase section */
		9ACB1C1F1A5B01E20072C667 /* Sources */ = {
			isa = PBXSourcesBuildPhase;
			buildActionMask = 2147483647;
			files = (
				9ACB1C2C1A5B01E20072C667 /* AppDelegate.m in Sources */,
				9ACB1C291A5B01E20072C667 /* main.m in Sources */,
				9ACB1C551A5B136E0072C667 /* UILabel+Debugging.m in Sources */,
				9ACB1C601A5B19120072C667 /* MainViewController.m in Sources */,
				9ACB1C6E1A5B367E0072C667 /* UIResponder+Additions.m in Sources */,
				9ACB1C651A5B1CD70072C667 /* LoginViewController.m in Sources */,
			);
			runOnlyForDeploymentPostprocessing = 0;
		};
		9ACB1C381A5B01E20072C667 /* Sources */ = {
			isa = PBXSourcesBuildPhase;
			buildActionMask = 2147483647;
			files = (
				9ACB1C431A5B01E20072C667 /* TrainingTests.m in Sources */,
			);
			runOnlyForDeploymentPostprocessing = 0;
		};
/* End PBXSourcesBuildPhase section */

/* Begin PBXTargetDependency section */
		9ACB1C3E1A5B01E20072C667 /* PBXTargetDependency */ = {
			isa = PBXTargetDependency;
			target = 9ACB1C221A5B01E20072C667 /* Training */;
			targetProxy = 9ACB1C3D1A5B01E20072C667 /* PBXContainerItemProxy */;
		};
/* End PBXTargetDependency section */

/* Begin PBXVariantGroup section */
		9ACB1C351A5B01E20072C667 /* LaunchScreen.xib */ = {
			isa = PBXVariantGroup;
			children = (
				9ACB1C361A5B01E20072C667 /* Base */,
			);
			name = LaunchScreen.xib;
			sourceTree = "<group>";
		};
/* End PBXVariantGroup section */

/* Begin XCBuildConfiguration section */
		9ACB1C441A5B01E20072C667 /* Debug */ = {
			isa = XCBuildConfiguration;
			buildSettings = {
				ALWAYS_SEARCH_USER_PATHS = NO;
				CLANG_CXX_LANGUAGE_STANDARD = "gnu++0x";
				CLANG_CXX_LIBRARY = "libc++";
				CLANG_ENABLE_MODULES = YES;
				CLANG_ENABLE_OBJC_ARC = YES;
				CLANG_WARN_BOOL_CONVERSION = YES;
				CLANG_WARN_CONSTANT_CONVERSION = YES;
				CLANG_WARN_DIRECT_OBJC_ISA_USAGE = YES_ERROR;
				CLANG_WARN_EMPTY_BODY = YES;
				CLANG_WARN_ENUM_CONVERSION = YES;
				CLANG_WARN_INT_CONVERSION = YES;
				CLANG_WARN_OBJC_ROOT_CLASS = YES_ERROR;
				CLANG_WARN_UNREACHABLE_CODE = YES;
				CLANG_WARN__DUPLICATE_METHOD_MATCH = YES;
				"CODE_SIGN_IDENTITY[sdk=iphoneos*]" = "iPhone Developer";
				COPY_PHASE_STRIP = NO;
				ENABLE_STRICT_OBJC_MSGSEND = YES;
				GCC_C_LANGUAGE_STANDARD = gnu99;
				GCC_DYNAMIC_NO_PIC = NO;
				GCC_OPTIMIZATION_LEVEL = 0;
				GCC_PREPROCESSOR_DEFINITIONS = (
					"DEBUG=1",
					"$(inherited)",
				);
				GCC_SYMBOLS_PRIVATE_EXTERN = NO;
				GCC_WARN_64_TO_32_BIT_CONVERSION = YES;
				GCC_WARN_ABOUT_RETURN_TYPE = YES_ERROR;
				GCC_WARN_UNDECLARED_SELECTOR = YES;
				GCC_WARN_UNINITIALIZED_AUTOS = YES_AGGRESSIVE;
				GCC_WARN_UNUSED_FUNCTION = YES;
				GCC_WARN_UNUSED_VARIABLE = YES;
				IPHONEOS_DEPLOYMENT_TARGET = 8.1;
				MTL_ENABLE_DEBUG_INFO = YES;
				ONLY_ACTIVE_ARCH = YES;
				SDKROOT = iphoneos;
				TARGETED_DEVICE_FAMILY = "1,2";
			};
			name = Debug;
		};
		9ACB1C451A5B01E20072C667 /* Release */ = {
			isa = XCBuildConfiguration;
			buildSettings = {
				ALWAYS_SEARCH_USER_PATHS = NO;
				CLANG_CXX_LANGUAGE_STANDARD = "gnu++0x";
				CLANG_CXX_LIBRARY = "libc++";
				CLANG_ENABLE_MODULES = YES;
				CLANG_ENABLE_OBJC_ARC = YES;
				CLANG_WARN_BOOL_CONVERSION = YES;
				CLANG_WARN_CONSTANT_CONVERSION = YES;
				CLANG_WARN_DIRECT_OBJC_ISA_USAGE = YES_ERROR;
				CLANG_WARN_EMPTY_BODY = YES;
				CLANG_WARN_ENUM_CONVERSION = YES;
				CLANG_WARN_INT_CONVERSION = YES;
				CLANG_WARN_OBJC_ROOT_CLASS = YES_ERROR;
				CLANG_WARN_UNREACHABLE_CODE = YES;
				CLANG_WARN__DUPLICATE_METHOD_MATCH = YES;
				"CODE_SIGN_IDENTITY[sdk=iphoneos*]" = "iPhone Developer";
				COPY_PHASE_STRIP = YES;
				ENABLE_NS_ASSERTIONS = NO;
				ENABLE_STRICT_OBJC_MSGSEND = YES;
				GCC_C_LANGUAGE_STANDARD = gnu99;
				GCC_WARN_64_TO_32_BIT_CONVERSION = YES;
				GCC_WARN_ABOUT_RETURN_TYPE = YES_ERROR;
				GCC_WARN_UNDECLARED_SELECTOR = YES;
				GCC_WARN_UNINITIALIZED_AUTOS = YES_AGGRESSIVE;
				GCC_WARN_UNUSED_FUNCTION = YES;
				GCC_WARN_UNUSED_VARIABLE = YES;
				IPHONEOS_DEPLOYMENT_TARGET = 8.1;
				MTL_ENABLE_DEBUG_INFO = NO;
				SDKROOT = iphoneos;
				TARGETED_DEVICE_FAMILY = "1,2";
				VALIDATE_PRODUCT = YES;
			};
			name = Release;
		};
		9ACB1C471A5B01E20072C667 /* Debug */ = {
			isa = XCBuildConfiguration;
			buildSettings = {
				ASSETCATALOG_COMPILER_APPICON_NAME = AppIcon;
				GCC_PREFIX_HEADER = "";
				INFOPLIST_FILE = Training/Info.plist;
				LD_RUNPATH_SEARCH_PATHS = "$(inherited) @executable_path/Frameworks";
				PRODUCT_NAME = "$(TARGET_NAME)";
			};
			name = Debug;
		};
		9ACB1C481A5B01E20072C667 /* Release */ = {
			isa = XCBuildConfiguration;
			buildSettings = {
				ASSETCATALOG_COMPILER_APPICON_NAME = AppIcon;
				GCC_PREFIX_HEADER = "";
				INFOPLIST_FILE = Training/Info.plist;
				LD_RUNPATH_SEARCH_PATHS = "$(inherited) @executable_path/Frameworks";
				PRODUCT_NAME = "$(TARGET_NAME)";
			};
			name = Release;
		};
		9ACB1C4A1A5B01E20072C667 /* Debug */ = {
			isa = XCBuildConfiguration;
			buildSettings = {
				BUNDLE_LOADER = "$(TEST_HOST)";
				FRAMEWORK_SEARCH_PATHS = (
					"$(SDKROOT)/Developer/Library/Frameworks",
					"$(inherited)",
				);
				GCC_PREPROCESSOR_DEFINITIONS = (
					"DEBUG=1",
					"$(inherited)",
				);
				INFOPLIST_FILE = TrainingTests/Info.plist;
				LD_RUNPATH_SEARCH_PATHS = "$(inherited) @executable_path/Frameworks @loader_path/Frameworks";
				PRODUCT_NAME = "$(TARGET_NAME)";
				TEST_HOST = "$(BUILT_PRODUCTS_DIR)/Training.app/Training";
			};
			name = Debug;
		};
		9ACB1C4B1A5B01E20072C667 /* Release */ = {
			isa = XCBuildConfiguration;
			buildSettings = {
				BUNDLE_LOADER = "$(TEST_HOST)";
				FRAMEWORK_SEARCH_PATHS = (
					"$(SDKROOT)/Developer/Library/Frameworks",
					"$(inherited)",
				);
				INFOPLIST_FILE = TrainingTests/Info.plist;
				LD_RUNPATH_SEARCH_PATHS = "$(inherited) @executable_path/Frameworks @loader_path/Frameworks";
				PRODUCT_NAME = "$(TARGET_NAME)";
				TEST_HOST = "$(BUILT_PRODUCTS_DIR)/Training.app/Training";
			};
			name = Release;
		};
/* End XCBuildConfiguration section */

/* Begin XCConfigurationList section */
		9ACB1C1E1A5B01E20072C667 /* Build configuration list for PBXProject "Training" */ = {
			isa = XCConfigurationList;
			buildConfigurations = (
				9ACB1C441A5B01E20072C667 /* Debug */,
				9ACB1C451A5B01E20072C667 /* Release */,
			);
			defaultConfigurationIsVisible = 0;
			defaultConfigurationName = Release;
		};
		9ACB1C461A5B01E20072C667 /* Build configuration list for PBXNativeTarget "Training" */ = {
			isa = XCConfigurationList;
			buildConfigurations = (
				9ACB1C471A5B01E20072C667 /* Debug */,
				9ACB1C481A5B01E20072C667 /* Release */,
			);
			defaultConfigurationIsVisible = 0;
			defaultConfigurationName = Release;
		};
		9ACB1C491A5B01E20072C667 /* Build configuration list for PBXNativeTarget "TrainingTests" */ = {
			isa = XCConfigurationList;
			buildConfigurations = (
				9ACB1C4A1A5B01E20072C667 /* Debug */,
				9ACB1C4B1A5B01E20072C667 /* Release */,
			);
			defaultConfigurationIsVisible = 0;
			defaultConfigurationName = Release;
		};
/* End XCConfigurationList section */
	};
	rootObject = 9ACB1C1B1A5B01E20072C667 /* Project object */;
}
